
Microsoft Visual Studio Solution File, Format Version 12.00
# Visual Studio Version 17
VisualStudioVersion = 17.5.33627.172
MinimumVisualStudioVersion = 10.0.40219.1
Project("{FAE04EC0-301F-11D3-BF4B-00C04F79EFBC}") = "StudentRegister", "StudentRegister.csproj", "{5C225A5E-3467-4C28-A342-C9B072473A05}"
EndProject
Global
	GlobalSection(SolutionConfigurationPlatforms) = preSolution
		Debug|Any CPU = Debug|Any CPU
		Release|Any CPU = Release|Any CPU
	EndGlobalSection
	GlobalSection(ProjectConfigurationPlatforms) = postSolution
		{5C225A5E-3467-4C28-A342-C9B072473A05}.Debug|Any CPU.ActiveCfg = Debug|Any CPU
		{5C225A5E-3467-4C28-A342-C9B072473A05}.Debug|Any CPU.Build.0 = Debug|Any CPU
		{5C225A5E-3467-4C28-A342-C9B072473A05}.Release|Any CPU.ActiveCfg = Release|Any CPU
		{5C225A5E-3467-4C28-A342-C9B072473A05}.Release|Any CPU.Build.0 = Release|Any CPU
	EndGlobalSection
	GlobalSection(SolutionProperties) = preSolution
		HideSolutionNode = FALSE
	EndGlobalSection
	GlobalSection(ExtensibilityGlobals) = postSolution
		SolutionGuid = {530CE137-3013-4636-8592-E31149B98D12}
	EndGlobalSection
EndGlobal
